<?xml version="1.0" encoding="utf-8"?>
<Project ToolsVersion="4.0" xmlns="http://schemas.microsoft.com/developer/msbuild/2003">
  <ItemGroup>
    <Filter Include="Source Files">
      <UniqueIdentifier>{4FC737F1-C7A5-4376-A066-2A32D752A2FF}</UniqueIdentifier>
      <Extensions>cpp;cxx;c;def</Extensions>
    </Filter>
    <Filter Include="Header Files">
      <UniqueIdentifier>{93995380-89BD-4b04-88EB-625FBE52EBFB}</UniqueIdentifier>
      <Extensions>h</Extensions>
    </Filter>
    <Filter Include="Resource Files">
      <UniqueIdentifier>{D9D6E242-F8AF-46E4-B9FD-80ECBC20BA3E}</UniqueIdentifier>
      <Extensions>qrc;*</Extensions>
      <ParseFiles>false</ParseFiles>
    </Filter>
    <Filter Include="Generated Files">
      <UniqueIdentifier>{71ED8ED8-ACB9-4CE9-BBE1-E00B30144E11}</UniqueIdentifier>
      <Extensions>moc;h;cpp</Extensions>
      <SourceControlFiles>False</SourceControlFiles>
    </Filter>
    <Filter Include="class">
      <UniqueIdentifier>{ef4a4ef7-1575-4fde-95b3-16db04bc1e8e}</UniqueIdentifier>
    </Filter>
    <Filter Include="class\class Source">
      <UniqueIdentifier>{aa8c7a67-4054-42f3-b100-b8870e50fc10}</UniqueIdentifier>
    </Filter>
    <Filter Include="class\class Header">
      <UniqueIdentifier>{5b6999bb-a24d-4484-b2f5-35513242d4ce}</UniqueIdentifier>
    </Filter>
  </ItemGroup>
  <ItemGroup>
    <ClCompile Include="main.cpp">
      <Filter>Source Files</Filter>
    </ClCompile>
    <ClCompile Include="stdHeaders.cpp">
      <Filter>Source Files</Filter>
    </ClCompile>
    <ClCompile Include="SQLMgr.cpp">
      <Filter>class\class Source</Filter>
    </ClCompile>
    <ClCompile Include="SQLiteMgr.cpp">
      <Filter>class\class Source</Filter>
    </ClCompile>
    <ClCompile Include="Account.cpp">
      <Filter>class\class Source</Filter>
    </ClCompile>
    <ClCompile Include="User.cpp">
      <Filter>class\class Source</Filter>
    </ClCompile>
    <ClCompile Include="Student.cpp">
      <Filter>class\class Source</Filter>
    </ClCompile>
    <ClCompile Include="Teacher.cpp">
      <Filter>class\class Source</Filter>
    </ClCompile>
    <ClCompile Include="UserGroup.cpp">
      <Filter>class\class Source</Filter>
    </ClCompile>
    <ClCompile Include="Administrator.cpp">
      <Filter>class\class Source</Filter>
    </ClCompile>
    <ClCompile Include="UAC.cpp">
      <Filter>class\class Source</Filter>
    </ClCompile>
    <ClCompile Include="Examenator.cpp">
      <Filter>class\class Source</Filter>
    </ClCompile>
    <ClCompile Include="BaseManager.cpp">
      <Filter>class\class Source</Filter>
    </ClCompile>
    <ClCompile Include="Examiner.cpp">
      <Filter>class\class Source</Filter>
    </ClCompile>
    <ClCompile Include="Tester.cpp">
      <Filter>Source Files</Filter>
    </ClCompile>
  </ItemGroup>
  <ItemGroup>
    <ClInclude Include="stdHeaders.h">
      <Filter>Header Files</Filter>
    </ClInclude>
    <ClInclude Include="SQLMgr.h">
      <Filter>class\class Header</Filter>
    </ClInclude>
    <ClInclude Include="SQLiteMgr.h">
      <Filter>class\class Header</Filter>
    </ClInclude>
    <ClInclude Include="Account.h">
      <Filter>class\class Header</Filter>
    </ClInclude>
    <ClInclude Include="User.h">
      <Filter>class\class Header</Filter>
    </ClInclude>
    <ClInclude Include="Teacher.h">
      <Filter>class\class Header</Filter>
    </ClInclude>
    <ClInclude Include="Student.h">
      <Filter>class\class Header</Filter>
    </ClInclude>
    <ClInclude Include="UserGroup.h">
      <Filter>class\class Header</Filter>
    </ClInclude>
    <ClInclude Include="Administrator.h">
      <Filter>class\class Header</Filter>
    </ClInclude>
    <ClInclude Include="UAC.h">
      <Filter>class\class Header</Filter>
    </ClInclude>
    <ClInclude Include="Examenator.h">
      <Filter>class\class Header</Filter>
    </ClInclude>
    <ClInclude Include="BaseManager.h">
      <Filter>class\class Header</Filter>
    </ClInclude>
    <ClInclude Include="Examiner.h">
      <Filter>class\class Header</Filter>
    </ClInclude>
    <ClInclude Include="Tester.h">
      <Filter>Header Files</Filter>
    </ClInclude>
  </ItemGroup>
</Project>