<?xml version="1.0" encoding="utf-8"?>
<Project ToolsVersion="4.0" xmlns="http://schemas.microsoft.com/developer/msbuild/2003">
  <ItemGroup>
    <Filter Include="Generated Files">
      <UniqueIdentifier>{71ED8ED8-ACB9-4CE9-BBE1-E00B30144E11}</UniqueIdentifier>
      <Extensions>cpp;c;cxx;moc;h;def;odl;idl;res;</Extensions>
    </Filter>
    <Filter Include="Generated Files">
      <UniqueIdentifier>{71ED8ED8-ACB9-4CE9-BBE1-E00B30144E11}</UniqueIdentifier>
      <Extensions>cpp;c;cxx;moc;h;def;odl;idl;res;</Extensions>
    </Filter>
    <Filter Include="Header Files">
      <UniqueIdentifier>{93995380-89BD-4b04-88EB-625FBE52EBFB}</UniqueIdentifier>
      <Extensions>h;hpp;hxx;hm;inl;inc;xsd</Extensions>
    </Filter>
    <Filter Include="Header Files">
      <UniqueIdentifier>{93995380-89BD-4b04-88EB-625FBE52EBFB}</UniqueIdentifier>
      <Extensions>h;hpp;hxx;hm;inl;inc;xsd</Extensions>
    </Filter>
    <Filter Include="Source Files">
      <UniqueIdentifier>{4FC737F1-C7A5-4376-A066-2A32D752A2FF}</UniqueIdentifier>
      <Extensions>cpp;c;cxx;def;odl;idl;hpj;bat;asm;asmx</Extensions>
    </Filter>
    <Filter Include="Source Files">
      <UniqueIdentifier>{4FC737F1-C7A5-4376-A066-2A32D752A2FF}</UniqueIdentifier>
      <Extensions>cpp;c;cxx;def;odl;idl;hpj;bat;asm;asmx</Extensions>
    </Filter>
    <Filter Include="Generated Files\Debug">
      <UniqueIdentifier>{912f9538-9a37-45a9-96a0-e4e818d86d44}</UniqueIdentifier>
      <Extensions>cpp;moc</Extensions>
      <SourceControlFiles>False</SourceControlFiles>
    </Filter>
    <Filter Include="Generated Files\Release">
      <UniqueIdentifier>{26924389-4891-4be8-9434-4b4012efcc77}</UniqueIdentifier>
      <Extensions>cpp;moc</Extensions>
      <SourceControlFiles>False</SourceControlFiles>
    </Filter>
  </ItemGroup>
  <ItemGroup>
    <ClCompile Include="answer.cpp">
      <Filter>Source Files</Filter>
    </ClCompile>
    <ClCompile Include="connectionmgr.cpp">
      <Filter>Source Files</Filter>
    </ClCompile>
    <ClCompile Include="jsonformat.cpp">
      <Filter>Source Files</Filter>
    </ClCompile>
    <ClCompile Include="lesson.cpp">
      <Filter>Source Files</Filter>
    </ClCompile>
    <ClCompile Include="main.cpp">
      <Filter>Source Files</Filter>
    </ClCompile>
    <ClCompile Include="networkmanager.cpp">
      <Filter>Source Files</Filter>
    </ClCompile>
    <ClCompile Include="profession.cpp">
      <Filter>Source Files</Filter>
    </ClCompile>
    <ClCompile Include="question.cpp">
      <Filter>Source Files</Filter>
    </ClCompile>
    <ClCompile Include="requestsmanager.cpp">
      <Filter>Source Files</Filter>
    </ClCompile>
    <ClCompile Include="sqlitemgr.cpp">
      <Filter>Source Files</Filter>
    </ClCompile>
    <ClCompile Include="sqlmgr.cpp">
      <Filter>Source Files</Filter>
    </ClCompile>
    <ClCompile Include="sqlorderby.cpp">
      <Filter>Source Files</Filter>
    </ClCompile>
    <ClCompile Include="sqlwhere.cpp">
      <Filter>Source Files</Filter>
    </ClCompile>
    <ClCompile Include="tcpserver.cpp">
      <Filter>Source Files</Filter>
    </ClCompile>
    <ClCompile Include="tester.cpp">
      <Filter>Source Files</Filter>
    </ClCompile>
    <ClCompile Include="testgenerator.cpp">
      <Filter>Source Files</Filter>
    </ClCompile>
    <ClCompile Include="teststandard.cpp">
      <Filter>Source Files</Filter>
    </ClCompile>
    <ClCompile Include="theme.cpp">
      <Filter>Source Files</Filter>
    </ClCompile>
    <ClCompile Include="user.cpp">
      <Filter>Source Files</Filter>
    </ClCompile>
    <ClCompile Include="usercontrol.cpp">
      <Filter>Source Files</Filter>
    </ClCompile>
    <ClCompile Include="GeneratedFiles\Debug\moc_networkmanager.cpp">
      <Filter>Generated Files\Debug</Filter>
    </ClCompile>
    <ClCompile Include="GeneratedFiles\Release\moc_networkmanager.cpp">
      <Filter>Generated Files\Release</Filter>
    </ClCompile>
    <ClCompile Include="GeneratedFiles\Debug\moc_tcpserver.cpp">
      <Filter>Generated Files\Debug</Filter>
    </ClCompile>
    <ClCompile Include="GeneratedFiles\Release\moc_tcpserver.cpp">
      <Filter>Generated Files\Release</Filter>
    </ClCompile>
  </ItemGroup>
  <ItemGroup>
    <ClInclude Include="answer.h">
      <Filter>Header Files</Filter>
    </ClInclude>
    <ClInclude Include="connectionmgr.h">
      <Filter>Header Files</Filter>
    </ClInclude>
    <ClInclude Include="jsonformat.h">
      <Filter>Header Files</Filter>
    </ClInclude>
    <ClInclude Include="lesson.h">
      <Filter>Header Files</Filter>
    </ClInclude>
    <CustomBuild Include="networkmanager.h">
      <Filter>Header Files</Filter>
    </CustomBuild>
    <ClInclude Include="profession.h">
      <Filter>Header Files</Filter>
    </ClInclude>
    <ClInclude Include="question.h">
      <Filter>Header Files</Filter>
    </ClInclude>
    <ClInclude Include="requestsmanager.h">
      <Filter>Header Files</Filter>
    </ClInclude>
    <ClInclude Include="sqlitemgr.h">
      <Filter>Header Files</Filter>
    </ClInclude>
    <ClInclude Include="sqlmgr.h">
      <Filter>Header Files</Filter>
    </ClInclude>
    <ClInclude Include="sqlorderby.h">
      <Filter>Header Files</Filter>
    </ClInclude>
    <ClInclude Include="sqlwhere.h">
      <Filter>Header Files</Filter>
    </ClInclude>
    <CustomBuild Include="tcpserver.h">
      <Filter>Header Files</Filter>
    </CustomBuild>
    <ClInclude Include="tester.h">
      <Filter>Header Files</Filter>
    </ClInclude>
    <ClInclude Include="testgenerator.h">
      <Filter>Header Files</Filter>
    </ClInclude>
    <ClInclude Include="teststandard.h">
      <Filter>Header Files</Filter>
    </ClInclude>
    <ClInclude Include="theme.h">
      <Filter>Header Files</Filter>
    </ClInclude>
    <ClInclude Include="user.h">
      <Filter>Header Files</Filter>
    </ClInclude>
    <ClInclude Include="usercontrol.h">
      <Filter>Header Files</Filter>
    </ClInclude>
  </ItemGroup>
</Project>