<?xml version="1.0" encoding="utf-8"?>
<Project ToolsVersion="4.0" xmlns="http://schemas.microsoft.com/developer/msbuild/2003">
  <ItemGroup>
    <Filter Include="Source Files">
      <UniqueIdentifier>{4FC737F1-C7A5-4376-A066-2A32D752A2FF}</UniqueIdentifier>
      <Extensions>cpp;cxx;c;def</Extensions>
    </Filter>
    <Filter Include="Header Files">
      <UniqueIdentifier>{93995380-89BD-4b04-88EB-625FBE52EBFB}</UniqueIdentifier>
      <Extensions>h</Extensions>
    </Filter>
    <Filter Include="Resource Files">
      <UniqueIdentifier>{D9D6E242-F8AF-46E4-B9FD-80ECBC20BA3E}</UniqueIdentifier>
      <Extensions>qrc;*</Extensions>
      <ParseFiles>false</ParseFiles>
    </Filter>
    <Filter Include="Generated Files">
      <UniqueIdentifier>{71ED8ED8-ACB9-4CE9-BBE1-E00B30144E11}</UniqueIdentifier>
      <Extensions>moc;h;cpp</Extensions>
      <SourceControlFiles>False</SourceControlFiles>
    </Filter>
    <Filter Include="classes">
      <UniqueIdentifier>{25cdfb33-24e7-41e9-91dc-f56b564edeca}</UniqueIdentifier>
    </Filter>
    <Filter Include="classes\Headers">
      <UniqueIdentifier>{06d5f9c3-e8d3-4fa6-ae49-8ab09599880f}</UniqueIdentifier>
    </Filter>
    <Filter Include="classes\Sources">
      <UniqueIdentifier>{ab29da25-b4c9-4b6c-b467-05a1a7a9e450}</UniqueIdentifier>
    </Filter>
    <Filter Include="Generated Files\Debug">
      <UniqueIdentifier>{dcc8e840-c79e-4373-8d1a-265af11d9019}</UniqueIdentifier>
      <Extensions>cpp;moc</Extensions>
      <SourceControlFiles>False</SourceControlFiles>
    </Filter>
    <Filter Include="Generated Files\Release">
      <UniqueIdentifier>{9d509ce7-8f95-47b0-9b1c-4b9542757198}</UniqueIdentifier>
      <Extensions>cpp;moc</Extensions>
      <SourceControlFiles>False</SourceControlFiles>
    </Filter>
  </ItemGroup>
  <ItemGroup>
    <ClCompile Include="main.cpp">
      <Filter>Source Files</Filter>
    </ClCompile>
    <ClCompile Include="theme.cpp">
      <Filter>classes\Sources</Filter>
    </ClCompile>
    <ClCompile Include="teststandard.cpp">
      <Filter>classes\Sources</Filter>
    </ClCompile>
    <ClCompile Include="testgenerator.cpp">
      <Filter>classes\Sources</Filter>
    </ClCompile>
    <ClCompile Include="tester.cpp">
      <Filter>classes\Sources</Filter>
    </ClCompile>
    <ClCompile Include="sqlwhere.cpp">
      <Filter>classes\Sources</Filter>
    </ClCompile>
    <ClCompile Include="sqlorderby.cpp">
      <Filter>classes\Sources</Filter>
    </ClCompile>
    <ClCompile Include="sqlmgr.cpp">
      <Filter>classes\Sources</Filter>
    </ClCompile>
    <ClCompile Include="sqlitemgr.cpp">
      <Filter>classes\Sources</Filter>
    </ClCompile>
    <ClCompile Include="question.cpp">
      <Filter>classes\Sources</Filter>
    </ClCompile>
    <ClCompile Include="profession.cpp">
      <Filter>classes\Sources</Filter>
    </ClCompile>
    <ClCompile Include="jsonformat.cpp">
      <Filter>classes\Sources</Filter>
    </ClCompile>
    <ClCompile Include="lesson.cpp">
      <Filter>classes\Sources</Filter>
    </ClCompile>
    <ClCompile Include="connectionmgr.cpp">
      <Filter>classes\Sources</Filter>
    </ClCompile>
    <ClCompile Include="answer.cpp">
      <Filter>classes\Sources</Filter>
    </ClCompile>
    <ClCompile Include="..\client\requestsmanager.cpp">
      <Filter>classes\Sources</Filter>
    </ClCompile>
    <ClCompile Include="user.cpp">
      <Filter>classes\Sources</Filter>
    </ClCompile>
    <ClCompile Include="usercontrol.cpp">
      <Filter>classes\Sources</Filter>
    </ClCompile>
    <ClCompile Include="tcpserver.cpp">
      <Filter>classes\Sources</Filter>
    </ClCompile>
    <ClCompile Include="GeneratedFiles\Debug\moc_tcpserver.cpp">
      <Filter>Generated Files\Debug</Filter>
    </ClCompile>
    <ClCompile Include="GeneratedFiles\Release\moc_tcpserver.cpp">
      <Filter>Generated Files\Release</Filter>
    </ClCompile>
    <ClCompile Include="networkmanager.cpp">
      <Filter>Source Files</Filter>
    </ClCompile>
    <ClCompile Include="GeneratedFiles\Debug\moc_networkmanager.cpp">
      <Filter>Generated Files\Debug</Filter>
    </ClCompile>
    <ClCompile Include="GeneratedFiles\Release\moc_networkmanager.cpp">
      <Filter>Generated Files\Release</Filter>
    </ClCompile>
  </ItemGroup>
  <ItemGroup>
    <ClInclude Include="theme.h">
      <Filter>classes\Headers</Filter>
    </ClInclude>
    <ClInclude Include="teststandard.h">
      <Filter>classes\Headers</Filter>
    </ClInclude>
    <ClInclude Include="testgenerator.h">
      <Filter>classes\Headers</Filter>
    </ClInclude>
    <ClInclude Include="tester.h">
      <Filter>classes\Headers</Filter>
    </ClInclude>
    <ClInclude Include="sqlwhere.h">
      <Filter>classes\Headers</Filter>
    </ClInclude>
    <ClInclude Include="sqlorderby.h">
      <Filter>classes\Headers</Filter>
    </ClInclude>
    <ClInclude Include="sqlmgr.h">
      <Filter>classes\Headers</Filter>
    </ClInclude>
    <ClInclude Include="question.h">
      <Filter>classes\Headers</Filter>
    </ClInclude>
    <ClInclude Include="sqlitemgr.h">
      <Filter>classes\Headers</Filter>
    </ClInclude>
    <ClInclude Include="profession.h">
      <Filter>classes\Headers</Filter>
    </ClInclude>
    <ClInclude Include="lesson.h">
      <Filter>classes\Headers</Filter>
    </ClInclude>
    <ClInclude Include="jsonformat.h">
      <Filter>classes\Headers</Filter>
    </ClInclude>
    <ClInclude Include="connectionmgr.h">
      <Filter>classes\Headers</Filter>
    </ClInclude>
    <ClInclude Include="answer.h">
      <Filter>classes\Headers</Filter>
    </ClInclude>
    <ClInclude Include="requestsmanager.h">
      <Filter>classes\Headers</Filter>
    </ClInclude>
    <ClInclude Include="user.h">
      <Filter>classes\Headers</Filter>
    </ClInclude>
    <ClInclude Include="usercontrol.h">
      <Filter>classes\Headers</Filter>
    </ClInclude>
  </ItemGroup>
  <ItemGroup>
    <CustomBuild Include="tcpserver.h">
      <Filter>classes\Headers</Filter>
    </CustomBuild>
    <CustomBuild Include="networkmanager.h">
      <Filter>Header Files</Filter>
    </CustomBuild>
  </ItemGroup>
</Project>